
Microsoft Visual Studio Solution File, Format Version 12.00
# Visual Studio 15
VisualStudioVersion = 15.0.26403.0
MinimumVisualStudioVersion = 10.0.40219.1
Project("{FAE04EC0-301F-11D3-BF4B-00C04F79EFBC}") = "LNL.MvpSpecFlow.Web", "LNL.MvpSpecFlow.Web\LNL.MvpSpecFlow.Web.csproj", "{0D3FC710-981B-4CF7-B023-25F2C2934D47}"
EndProject
Project("{FAE04EC0-301F-11D3-BF4B-00C04F79EFBC}") = "LNL.MvpSpecFlow.Web.IntegrationTests", "LNL.MvpSpecFlow.Web.IntegrationTests\LNL.MvpSpecFlow.Web.IntegrationTests.csproj", "{343A74EC-6783-41AA-AE85-3E2421DC7265}"
EndProject
Project("{FAE04EC0-301F-11D3-BF4B-00C04F79EFBC}") = "LNL.MvpSpecFlow.Contracts", "LNL.MvpSpecFlow.Contracts\LNL.MvpSpecFlow.Contracts.csproj", "{C539FF03-6898-48E4-910B-42937B3C7153}"
EndProject
Project("{FAE04EC0-301F-11D3-BF4B-00C04F79EFBC}") = "LNL.MvpSpecFlow.Models", "LNL.MvpSpecFlow.Models\LNL.MvpSpecFlow.Models.csproj", "{9A83314F-0958-4A76-BCF5-641BD69B4D95}"
EndProject
Project("{2150E333-8FDC-42A3-9474-1A3956D46DE8}") = "Common", "Common", "{82371421-5D13-460A-B8F1-F433F784D7DF}"
EndProject
Project("{2150E333-8FDC-42A3-9474-1A3956D46DE8}") = "Tests", "Tests", "{7DB01135-8250-4EB9-81AC-7FEB6B510FCD}"
EndProject
Project("{FAE04EC0-301F-11D3-BF4B-00C04F79EFBC}") = "LNL.MvpSpecFlow.Domain", "LNL.MvpSpecFlow.Domain\LNL.MvpSpecFlow.Domain.csproj", "{77FB3B56-1B7E-4F52-BF18-1F7C8A5E87E3}"
EndProject
Project("{FAE04EC0-301F-11D3-BF4B-00C04F79EFBC}") = "LNL.MvpSpecFlow.Domain.Tests", "LNL.MvpSpecFlow.Domain.Tests\LNL.MvpSpecFlow.Domain.Tests.csproj", "{888C9D09-A37D-4985-9AC6-AD141C890A02}"
EndProject
Project("{FAE04EC0-301F-11D3-BF4B-00C04F79EFBC}") = "LNL.MvpSpecFlow.Web.Tests", "LNL.MvpSpecFlow.Web.Tests\LNL.MvpSpecFlow.Web.Tests.csproj", "{9FB65005-36CD-4D3D-8F67-72E65C9C8972}"
EndProject
Global
	GlobalSection(SolutionConfigurationPlatforms) = preSolution
		Debug|Any CPU = Debug|Any CPU
		Release|Any CPU = Release|Any CPU
	EndGlobalSection
	GlobalSection(ProjectConfigurationPlatforms) = postSolution
		{0D3FC710-981B-4CF7-B023-25F2C2934D47}.Debug|Any CPU.ActiveCfg = Debug|Any CPU
		{0D3FC710-981B-4CF7-B023-25F2C2934D47}.Debug|Any CPU.Build.0 = Debug|Any CPU
		{0D3FC710-981B-4CF7-B023-25F2C2934D47}.Release|Any CPU.ActiveCfg = Release|Any CPU
		{0D3FC710-981B-4CF7-B023-25F2C2934D47}.Release|Any CPU.Build.0 = Release|Any CPU
		{343A74EC-6783-41AA-AE85-3E2421DC7265}.Debug|Any CPU.ActiveCfg = Debug|Any CPU
		{343A74EC-6783-41AA-AE85-3E2421DC7265}.Debug|Any CPU.Build.0 = Debug|Any CPU
		{343A74EC-6783-41AA-AE85-3E2421DC7265}.Release|Any CPU.ActiveCfg = Release|Any CPU
		{343A74EC-6783-41AA-AE85-3E2421DC7265}.Release|Any CPU.Build.0 = Release|Any CPU
		{C539FF03-6898-48E4-910B-42937B3C7153}.Debug|Any CPU.ActiveCfg = Debug|Any CPU
		{C539FF03-6898-48E4-910B-42937B3C7153}.Debug|Any CPU.Build.0 = Debug|Any CPU
		{C539FF03-6898-48E4-910B-42937B3C7153}.Release|Any CPU.ActiveCfg = Release|Any CPU
		{C539FF03-6898-48E4-910B-42937B3C7153}.Release|Any CPU.Build.0 = Release|Any CPU
		{9A83314F-0958-4A76-BCF5-641BD69B4D95}.Debug|Any CPU.ActiveCfg = Debug|Any CPU
		{9A83314F-0958-4A76-BCF5-641BD69B4D95}.Debug|Any CPU.Build.0 = Debug|Any CPU
		{9A83314F-0958-4A76-BCF5-641BD69B4D95}.Release|Any CPU.ActiveCfg = Release|Any CPU
		{9A83314F-0958-4A76-BCF5-641BD69B4D95}.Release|Any CPU.Build.0 = Release|Any CPU
		{77FB3B56-1B7E-4F52-BF18-1F7C8A5E87E3}.Debug|Any CPU.ActiveCfg = Debug|Any CPU
		{77FB3B56-1B7E-4F52-BF18-1F7C8A5E87E3}.Debug|Any CPU.Build.0 = Debug|Any CPU
		{77FB3B56-1B7E-4F52-BF18-1F7C8A5E87E3}.Release|Any CPU.ActiveCfg = Release|Any CPU
		{77FB3B56-1B7E-4F52-BF18-1F7C8A5E87E3}.Release|Any CPU.Build.0 = Release|Any CPU
		{888C9D09-A37D-4985-9AC6-AD141C890A02}.Debug|Any CPU.ActiveCfg = Debug|Any CPU
		{888C9D09-A37D-4985-9AC6-AD141C890A02}.Debug|Any CPU.Build.0 = Debug|Any CPU
		{888C9D09-A37D-4985-9AC6-AD141C890A02}.Release|Any CPU.ActiveCfg = Release|Any CPU
		{888C9D09-A37D-4985-9AC6-AD141C890A02}.Release|Any CPU.Build.0 = Release|Any CPU
		{9FB65005-36CD-4D3D-8F67-72E65C9C8972}.Debug|Any CPU.ActiveCfg = Debug|Any CPU
		{9FB65005-36CD-4D3D-8F67-72E65C9C8972}.Debug|Any CPU.Build.0 = Debug|Any CPU
		{9FB65005-36CD-4D3D-8F67-72E65C9C8972}.Release|Any CPU.ActiveCfg = Release|Any CPU
		{9FB65005-36CD-4D3D-8F67-72E65C9C8972}.Release|Any CPU.Build.0 = Release|Any CPU
	EndGlobalSection
	GlobalSection(SolutionProperties) = preSolution
		HideSolutionNode = FALSE
	EndGlobalSection
	GlobalSection(NestedProjects) = preSolution
		{343A74EC-6783-41AA-AE85-3E2421DC7265} = {7DB01135-8250-4EB9-81AC-7FEB6B510FCD}
		{C539FF03-6898-48E4-910B-42937B3C7153} = {82371421-5D13-460A-B8F1-F433F784D7DF}
		{9A83314F-0958-4A76-BCF5-641BD69B4D95} = {82371421-5D13-460A-B8F1-F433F784D7DF}
		{888C9D09-A37D-4985-9AC6-AD141C890A02} = {7DB01135-8250-4EB9-81AC-7FEB6B510FCD}
		{9FB65005-36CD-4D3D-8F67-72E65C9C8972} = {7DB01135-8250-4EB9-81AC-7FEB6B510FCD}
	EndGlobalSection
EndGlobal
